
Microsoft Visual Studio Solution File, Format Version 12.00
# Visual Studio Version 17
VisualStudioVersion = 17.4.33122.133
MinimumVisualStudioVersion = 10.0.40219.1
Project("{FAE04EC0-301F-11D3-BF4B-00C04F79EFBC}") = "AsciiTestProj", "AsciiTestProj\AsciiTestProj.csproj", "{AD47E985-95A5-4F91-97B8-1E7AA1CDAB17}"
EndProject
Global
	GlobalSection(SolutionConfigurationPlatforms) = preSolution
		Debug|Any CPU = Debug|Any CPU
		Release|Any CPU = Release|Any CPU
	EndGlobalSection
	GlobalSection(ProjectConfigurationPlatforms) = postSolution
		{AD47E985-95A5-4F91-97B8-1E7AA1CDAB17}.Debug|Any CPU.ActiveCfg = Debug|Any CPU
		{AD47E985-95A5-4F91-97B8-1E7AA1CDAB17}.Debug|Any CPU.Build.0 = Debug|Any CPU
		{AD47E985-95A5-4F91-97B8-1E7AA1CDAB17}.Release|Any CPU.ActiveCfg = Release|Any CPU
		{AD47E985-95A5-4F91-97B8-1E7AA1CDAB17}.Release|Any CPU.Build.0 = Release|Any CPU
	EndGlobalSection
	GlobalSection(SolutionProperties) = preSolution
		HideSolutionNode = FALSE
	EndGlobalSection
	GlobalSection(ExtensibilityGlobals) = postSolution
		SolutionGuid = {53E1D3E7-EB1C-4D2E-998A-6415D7776A52}
	EndGlobalSection
EndGlobal
